
Microsoft Visual Studio Solution File, Format Version 12.00
Project("{FAE04EC0-301F-11D3-BF4B-00C04F79EFBC}") = "tests", "tests\tests.csproj", "{71E28B51-7515-4CD2-BBDE-7322E00B6E02}"
EndProject
Project("{FAE04EC0-301F-11D3-BF4B-00C04F79EFBC}") = "src", "src\src.csproj", "{557B8737-EA4A-48BB-A7B9-3E0F7AD6A7C0}"
EndProject
Global
	GlobalSection(SolutionConfigurationPlatforms) = preSolution
		Debug|Any CPU = Debug|Any CPU
		Release|Any CPU = Release|Any CPU
	EndGlobalSection
	GlobalSection(ProjectConfigurationPlatforms) = postSolution
		{71E28B51-7515-4CD2-BBDE-7322E00B6E02}.Debug|Any CPU.ActiveCfg = Debug|Any CPU
		{71E28B51-7515-4CD2-BBDE-7322E00B6E02}.Debug|Any CPU.Build.0 = Debug|Any CPU
		{71E28B51-7515-4CD2-BBDE-7322E00B6E02}.Release|Any CPU.ActiveCfg = Release|Any CPU
		{71E28B51-7515-4CD2-BBDE-7322E00B6E02}.Release|Any CPU.Build.0 = Release|Any CPU
		{557B8737-EA4A-48BB-A7B9-3E0F7AD6A7C0}.Debug|Any CPU.ActiveCfg = Debug|Any CPU
		{557B8737-EA4A-48BB-A7B9-3E0F7AD6A7C0}.Debug|Any CPU.Build.0 = Debug|Any CPU
		{557B8737-EA4A-48BB-A7B9-3E0F7AD6A7C0}.Release|Any CPU.ActiveCfg = Release|Any CPU
		{557B8737-EA4A-48BB-A7B9-3E0F7AD6A7C0}.Release|Any CPU.Build.0 = Release|Any CPU
	EndGlobalSection
EndGlobal
